
Microsoft Visual Studio Solution File, Format Version 12.00
# Visual Studio 15
VisualStudioVersion = 15.0.27428.2015
MinimumVisualStudioVersion = 10.0.40219.1
Project("{FAE04EC0-301F-11D3-BF4B-00C04F79EFBC}") = "PsProcesMock", "PsProcesMock\PsProcesMock.csproj", "{6ED8558A-45CC-4601-A671-544E36D9F40A}"
EndProject
Global
	GlobalSection(SolutionConfigurationPlatforms) = preSolution
		Debug|Any CPU = Debug|Any CPU
		Release|Any CPU = Release|Any CPU
	EndGlobalSection
	GlobalSection(ProjectConfigurationPlatforms) = postSolution
		{6ED8558A-45CC-4601-A671-544E36D9F40A}.Debug|Any CPU.ActiveCfg = Debug|Any CPU
		{6ED8558A-45CC-4601-A671-544E36D9F40A}.Debug|Any CPU.Build.0 = Debug|Any CPU
		{6ED8558A-45CC-4601-A671-544E36D9F40A}.Release|Any CPU.ActiveCfg = Release|Any CPU
		{6ED8558A-45CC-4601-A671-544E36D9F40A}.Release|Any CPU.Build.0 = Release|Any CPU
	EndGlobalSection
	GlobalSection(SolutionProperties) = preSolution
		HideSolutionNode = FALSE
	EndGlobalSection
	GlobalSection(ExtensibilityGlobals) = postSolution
		SolutionGuid = {8A048341-4DA5-4041-BA21-D8BD3B657060}
	EndGlobalSection
EndGlobal
